{
    "_meta": {
        "hash": {
            "sha256": "da18a2f144044fef4c7f2fe1352f85c1dbfdc6a81298c726b067991b9a9df141"
        },
        "pipfile-spec": 6,
        "requires": {
            "python_full_version": "3.11.1",
            "python_version": "3.11"
        },
        "sources": [
            {
                "name": "pypi",
                "url": "https://pypi.org/simple",
                "verify_ssl": true
            }
        ]
    },
    "default": {},
    "develop": {}
}
